
Microsoft Visual Studio Solution File, Format Version 12.00
# Visual Studio Version 16
VisualStudioVersion = 16.0.808.7
MinimumVisualStudioVersion = 10.0.40219.1
Project("{FAE04EC0-301F-11D3-BF4B-00C04F79EFBC}") = "BigDataAssigment.MonitoringApp", "BigDataAssigment.MonitoringApp\BigDataAssigment.MonitoringApp.csproj", "{F7C33280-FE74-4724-9AF9-EE417E8C183A}"
EndProject
Global
	GlobalSection(SolutionConfigurationPlatforms) = preSolution
		Debug|Any CPU = Debug|Any CPU
		Release|Any CPU = Release|Any CPU
	EndGlobalSection
	GlobalSection(ProjectConfigurationPlatforms) = postSolution
		{F7C33280-FE74-4724-9AF9-EE417E8C183A}.Debug|Any CPU.ActiveCfg = Debug|Any CPU
		{F7C33280-FE74-4724-9AF9-EE417E8C183A}.Debug|Any CPU.Build.0 = Debug|Any CPU
		{F7C33280-FE74-4724-9AF9-EE417E8C183A}.Release|Any CPU.ActiveCfg = Release|Any CPU
		{F7C33280-FE74-4724-9AF9-EE417E8C183A}.Release|Any CPU.Build.0 = Release|Any CPU
	EndGlobalSection
	GlobalSection(SolutionProperties) = preSolution
		HideSolutionNode = FALSE
	EndGlobalSection
	GlobalSection(ExtensibilityGlobals) = postSolution
		SolutionGuid = {B5C5E0AF-71BC-41A1-9AA9-4765712ECBC6}
	EndGlobalSection
EndGlobal
